
Microsoft Visual Studio Solution File, Format Version 12.00
# Visual Studio Version 17
VisualStudioVersion = 17.7.34031.279
MinimumVisualStudioVersion = 10.0.40219.1
Project("{FAE04EC0-301F-11D3-BF4B-00C04F79EFBC}") = "GA_Prog_5_Delegates", "GA_Prog_5_Delegates.csproj", "{166653CC-9B90-44EB-9205-18547F3ED2E4}"
EndProject
Global
	GlobalSection(SolutionConfigurationPlatforms) = preSolution
		Debug|Any CPU = Debug|Any CPU
		Release|Any CPU = Release|Any CPU
	EndGlobalSection
	GlobalSection(ProjectConfigurationPlatforms) = postSolution
		{166653CC-9B90-44EB-9205-18547F3ED2E4}.Debug|Any CPU.ActiveCfg = Debug|Any CPU
		{166653CC-9B90-44EB-9205-18547F3ED2E4}.Debug|Any CPU.Build.0 = Debug|Any CPU
		{166653CC-9B90-44EB-9205-18547F3ED2E4}.Release|Any CPU.ActiveCfg = Release|Any CPU
		{166653CC-9B90-44EB-9205-18547F3ED2E4}.Release|Any CPU.Build.0 = Release|Any CPU
	EndGlobalSection
	GlobalSection(SolutionProperties) = preSolution
		HideSolutionNode = FALSE
	EndGlobalSection
	GlobalSection(ExtensibilityGlobals) = postSolution
		SolutionGuid = {C2720C74-1F22-454C-9D09-4BED33C33304}
	EndGlobalSection
EndGlobal
